{
  "requires": true,
  "lockfileVersion": 1,
  "dependencies": {
    "@vant/area-data": {
      "version": "1.4.0",
      "resolved": "https://registry.npmmirror.com/@vant/area-data/-/area-data-1.4.0.tgz",
      "integrity": "sha512-XS+BZJPplK20qX+yoC3jvDTYq90Hzrz6pRZr2ASNH8pgddXNYqjLvhyl4cm6VHJ/OK/59NnoxkO1qU1PEiIvDw=="
    },
    "@vant/popperjs": {
      "version": "1.3.0",
      "resolved": "https://registry.npmmirror.com/@vant/popperjs/-/popperjs-1.3.0.tgz",
      "integrity": "sha512-hB+czUG+aHtjhaEmCJDuXOep0YTZjdlRR+4MSmIFnkCQIxJaXLQdSsR90XWvAI2yvKUI7TCGqR8pQg2RtvkMHw=="
    },
    "@vant/use": {
      "version": "1.5.0",
      "resolved": "https://registry.npmmirror.com/@vant/use/-/use-1.5.0.tgz",
      "integrity": "sha512-Dk7aMn7gLpoDew2tix/mjXpP0PoERWcxWh+pRY4xxl0MG4eeByAAyZSE6PgMpof4Yorqn7yq8KmeQcaVnxq2cg=="
    },
    "vant": {
      "version": "4.0.11",
      "resolved": "https://registry.npmmirror.com/vant/-/vant-4.0.11.tgz",
      "integrity": "sha512-axVP6eHH4vGb5FQ2hqNhB5DykMSBQb0KK97HT4bVVFTYM81EJq1YImqOglzsVt3OC98NRoT01DIwt4y2n1iwVw==",
      "requires": {
        "@vant/popperjs": "^1.3.0",
        "@vant/use": "^1.5.0"
      }
    }
  }
}
